
Microsoft Visual Studio Solution File, Format Version 12.00
# Visual Studio Version 17
VisualStudioVersion = 17.0.32112.339
MinimumVisualStudioVersion = 10.0.40219.1
Project("{FAE04EC0-301F-11D3-BF4B-00C04F79EFBC}") = "Greeting Card", "Greeting Card\Greeting Card.csproj", "{D9789746-F639-4299-BA56-CA7E7A4396C9}"
EndProject
Global
	GlobalSection(SolutionConfigurationPlatforms) = preSolution
		Debug|Any CPU = Debug|Any CPU
		Release|Any CPU = Release|Any CPU
	EndGlobalSection
	GlobalSection(ProjectConfigurationPlatforms) = postSolution
		{D9789746-F639-4299-BA56-CA7E7A4396C9}.Debug|Any CPU.ActiveCfg = Debug|Any CPU
		{D9789746-F639-4299-BA56-CA7E7A4396C9}.Debug|Any CPU.Build.0 = Debug|Any CPU
		{D9789746-F639-4299-BA56-CA7E7A4396C9}.Release|Any CPU.ActiveCfg = Release|Any CPU
		{D9789746-F639-4299-BA56-CA7E7A4396C9}.Release|Any CPU.Build.0 = Release|Any CPU
	EndGlobalSection
	GlobalSection(SolutionProperties) = preSolution
		HideSolutionNode = FALSE
	EndGlobalSection
	GlobalSection(ExtensibilityGlobals) = postSolution
		SolutionGuid = {B3F0B1EC-A33C-47FA-8C88-7C4CE775CF19}
	EndGlobalSection
EndGlobal
